{
  "name": "mastani",
  "version": "0.0.1",
  "lockfileVersion": 1,
  "requires": true,
  "dependencies": {
    "aria-query": {
      "version": "0.7.0",
      "resolved": "http://r.cnpmjs.org/aria-query/download/aria-query-0.7.0.tgz",
      "integrity": "sha1-SvEKHmFXPd6gzzuZtRxSwFtCTSQ=",
      "dev": true,
      "requires": {
        "ast-types-flow": "0.0.7"
      }
    },
    "array-includes": {
      "version": "3.0.3",
      "resolved": "http://r.cnpmjs.org/array-includes/download/array-includes-3.0.3.tgz",
      "integrity": "sha1-GEtI9i2S10UrsxsyMWXH+L0CJm0=",
      "dev": true,
      "requires": {
        "define-properties": "1.1.2",
        "es-abstract": "1.8.2"
      }
    },
    "asap": {
      "version": "2.0.6",
      "resolved": "http://r.cnpmjs.org/asap/download/asap-2.0.6.tgz",
      "integrity": "sha1-5QNHYR1+aQlDIIu9r+vLwvuGbUY=",
      "dev": true
    },
    "ast-types-flow": {
      "version": "0.0.7",
      "resolved": "http://r.cnpmjs.org/ast-types-flow/download/ast-types-flow-0.0.7.tgz",
      "integrity": "sha1-9wtzXGvKGlycItmCw+Oef+ujva0=",
      "dev": true
    },
    "axobject-query": {
      "version": "0.1.0",
      "resolved": "http://r.cnpmjs.org/axobject-query/download/axobject-query-0.1.0.tgz",
      "integrity": "sha1-YvWdvFnJ+SQnWco0mWDnov48NsA=",
      "dev": true,
      "requires": {
        "ast-types-flow": "0.0.7"
      }
    },
    "balanced-match": {
      "version": "1.0.0",
      "resolved": "http://r.cnpmjs.org/balanced-match/download/balanced-match-1.0.0.tgz",
      "integrity": "sha1-ibTRmasr7kneFk6gK4nORi1xt2c=",
      "dev": true
    },
    "brace-expansion": {
      "version": "1.1.8",
      "resolved": "http://r.cnpmjs.org/brace-expansion/download/brace-expansion-1.1.8.tgz",
      "integrity": "sha1-wHshHHyVLsH479Uad+8NHTmQopI=",
      "dev": true,
      "requires": {
        "balanced-match": "1.0.0",
        "concat-map": "0.0.1"
      }
    },
    "builtin-modules": {
      "version": "1.1.1",
      "resolved": "http://r.cnpmjs.org/builtin-modules/download/builtin-modules-1.1.1.tgz",
      "integrity": "sha1-Jw8HbFpywC9bZaR9+Uxf46J4iS8=",
      "dev": true
    },
    "concat-map": {
      "version": "0.0.1",
      "resolved": "http://r.cnpmjs.org/concat-map/download/concat-map-0.0.1.tgz",
      "integrity": "sha1-2Klr13/Wjfd5OnMDajug1UBdR3s=",
      "dev": true
    },
    "contains-path": {
      "version": "0.1.0",
      "resolved": "http://r.cnpmjs.org/contains-path/download/contains-path-0.1.0.tgz",
      "integrity": "sha1-/ozxhP9mcLa67wGp1IYaXL7EEgo=",
      "dev": true
    },
    "core-js": {
      "version": "1.2.7",
      "resolved": "http://r.cnpmjs.org/core-js/download/core-js-1.2.7.tgz",
      "integrity": "sha1-ZSKUwUZR2yj6k70tX/KYOk8IxjY=",
      "dev": true
    },
    "damerau-levenshtein": {
      "version": "1.0.4",
      "resolved": "http://r.cnpmjs.org/damerau-levenshtein/download/damerau-levenshtein-1.0.4.tgz",
      "integrity": "sha1-AxkcQyy27qFou3fzpV/9zLiXhRQ=",
      "dev": true
    },
    "debug": {
      "version": "2.6.8",
      "resolved": "http://r.cnpmjs.org/debug/download/debug-2.6.8.tgz",
      "integrity": "sha1-5zFTHKLt4n0YgiJCfaF4IdaP9Pw=",
      "dev": true,
      "requires": {
        "ms": "2.0.0"
      }
    },
    "define-properties": {
      "version": "1.1.2",
      "resolved": "http://r.cnpmjs.org/define-properties/download/define-properties-1.1.2.tgz",
      "integrity": "sha1-g6c/L+pWmJj7c3GTyPhzyvbUXJQ=",
      "dev": true,
      "requires": {
        "foreach": "2.0.5",
        "object-keys": "1.0.11"
      }
    },
    "doctrine": {
      "version": "1.5.0",
      "resolved": "http://r.cnpmjs.org/doctrine/download/doctrine-1.5.0.tgz",
      "integrity": "sha1-N53Ocw9hZvds76TmcHoVmwLFpvo=",
      "dev": true,
      "requires": {
        "esutils": "2.0.2",
        "isarray": "1.0.0"
      }
    },
    "emoji-regex": {
      "version": "6.5.1",
      "resolved": "http://r.cnpmjs.org/emoji-regex/download/emoji-regex-6.5.1.tgz",
      "integrity": "sha1-m66pKbFVVlwR6kHGYm6qZc75ksI=",
      "dev": true
    },
    "encoding": {
      "version": "0.1.12",
      "resolved": "http://r.cnpmjs.org/encoding/download/encoding-0.1.12.tgz",
      "integrity": "sha1-U4tm8+5izRq1HsMjgp0flIDHS+s=",
      "dev": true,
      "requires": {
        "iconv-lite": "0.4.18"
      }
    },
    "error-ex": {
      "version": "1.3.1",
      "resolved": "http://r.cnpmjs.org/error-ex/download/error-ex-1.3.1.tgz",
      "integrity": "sha1-+FWobOYa3E6GIcPNoh56dhLDqNw=",
      "dev": true,
      "requires": {
        "is-arrayish": "0.2.1"
      }
    },
    "es-abstract": {
      "version": "1.8.2",
      "resolved": "http://r.cnpmjs.org/es-abstract/download/es-abstract-1.8.2.tgz",
      "integrity": "sha1-JRAyY9xN7L2mDgxzfKMjE1GAJ+4=",
      "dev": true,
      "requires": {
        "es-to-primitive": "1.1.1",
        "function-bind": "1.1.1",
        "has": "1.0.1",
        "is-callable": "1.1.3",
        "is-regex": "1.0.4"
      }
    },
    "es-to-primitive": {
      "version": "1.1.1",
      "resolved": "http://r.cnpmjs.org/es-to-primitive/download/es-to-primitive-1.1.1.tgz",
      "integrity": "sha1-RTVSSKiJeQNLZ5Lhm7gfK3l13Q0=",
      "dev": true,
      "requires": {
        "is-callable": "1.1.3",
        "is-date-object": "1.0.1",
        "is-symbol": "1.0.1"
      }
    },
    "eslint-config-airbnb": {
      "version": "15.1.0",
      "resolved": "http://r.cnpmjs.org/eslint-config-airbnb/download/eslint-config-airbnb-15.1.0.tgz",
      "integrity": "sha1-/UMpZakG4wE5ABuoMPWPc67dro4=",
      "dev": true,
      "requires": {
        "eslint-config-airbnb-base": "11.3.2"
      }
    },
    "eslint-config-airbnb-base": {
      "version": "11.3.2",
      "resolved": "http://r.cnpmjs.org/eslint-config-airbnb-base/download/eslint-config-airbnb-base-11.3.2.tgz",
      "integrity": "sha1-hwOxGr48iKx+wrdFt/31LgCuaAo=",
      "dev": true,
      "requires": {
        "eslint-restricted-globals": "0.1.1"
      }
    },
    "eslint-import-resolver-node": {
      "version": "0.3.1",
      "resolved": "http://r.cnpmjs.org/eslint-import-resolver-node/download/eslint-import-resolver-node-0.3.1.tgz",
      "integrity": "sha1-RCJXTN5mqaewmZOO5NUIoZng48w=",
      "dev": true,
      "requires": {
        "debug": "2.6.8",
        "resolve": "1.4.0"
      }
    },
    "eslint-module-utils": {
      "version": "2.1.1",
      "resolved": "http://r.cnpmjs.org/eslint-module-utils/download/eslint-module-utils-2.1.1.tgz",
      "integrity": "sha1-q67IJBd2E7ipWymWOeG2+s9HNEk=",
      "dev": true,
      "requires": {
        "debug": "2.6.8",
        "pkg-dir": "1.0.0"
      }
    },
    "eslint-plugin-import": {
      "version": "2.7.0",
      "resolved": "http://r.cnpmjs.org/eslint-plugin-import/download/eslint-plugin-import-2.7.0.tgz",
      "integrity": "sha1-Id4zOAue+1X1720uIQ7A4H5/pp8=",
      "dev": true,
      "requires": {
        "builtin-modules": "1.1.1",
        "contains-path": "0.1.0",
        "debug": "2.6.8",
        "doctrine": "1.5.0",
        "eslint-import-resolver-node": "0.3.1",
        "eslint-module-utils": "2.1.1",
        "has": "1.0.1",
        "lodash.cond": "4.5.2",
        "minimatch": "3.0.4",
        "read-pkg-up": "2.0.0"
      }
    },
    "eslint-plugin-jsx-a11y": {
      "version": "5.1.1",
      "resolved": "http://r.cnpmjs.org/eslint-plugin-jsx-a11y/download/eslint-plugin-jsx-a11y-5.1.1.tgz",
      "integrity": "sha1-XJa7UYbKFOlNsQlf9Zs+K9lAabE=",
      "dev": true,
      "requires": {
        "aria-query": "0.7.0",
        "array-includes": "3.0.3",
        "ast-types-flow": "0.0.7",
        "axobject-query": "0.1.0",
        "damerau-levenshtein": "1.0.4",
        "emoji-regex": "6.5.1",
        "jsx-ast-utils": "1.4.1"
      }
    },
    "eslint-plugin-react": {
      "version": "7.3.0",
      "resolved": "http://r.cnpmjs.org/eslint-plugin-react/download/eslint-plugin-react-7.3.0.tgz",
      "integrity": "sha1-ypNo2jb3M/vcBXGK5Okfd48440Q=",
      "dev": true,
      "requires": {
        "doctrine": "2.0.0",
        "has": "1.0.1",
        "jsx-ast-utils": "2.0.1",
        "prop-types": "15.5.10"
      },
      "dependencies": {
        "doctrine": {
          "version": "2.0.0",
          "resolved": "http://r.cnpmjs.org/doctrine/download/doctrine-2.0.0.tgz",
          "integrity": "sha1-xz2NKQnSIpHhoAejlYBNqLZl/mM=",
          "dev": true,
          "requires": {
            "esutils": "2.0.2",
            "isarray": "1.0.0"
          }
        },
        "jsx-ast-utils": {
          "version": "2.0.1",
          "resolved": "http://r.cnpmjs.org/jsx-ast-utils/download/jsx-ast-utils-2.0.1.tgz",
          "integrity": "sha1-6AGxs5mF4g//yHtA43SAgOLcrH8=",
          "dev": true,
          "requires": {
            "array-includes": "3.0.3"
          }
        }
      }
    },
    "eslint-restricted-globals": {
      "version": "0.1.1",
      "resolved": "http://r.cnpmjs.org/eslint-restricted-globals/download/eslint-restricted-globals-0.1.1.tgz",
      "integrity": "sha1-NfDVy8ZMLj7WLpO0saevBbp+1Nc=",
      "dev": true
    },
    "esutils": {
      "version": "2.0.2",
      "resolved": "http://r.cnpmjs.org/esutils/download/esutils-2.0.2.tgz",
      "integrity": "sha1-Cr9PHKpbyx96nYrMbepPqqBLrJs=",
      "dev": true
    },
    "fbjs": {
      "version": "0.8.15",
      "resolved": "http://r.cnpmjs.org/fbjs/download/fbjs-0.8.15.tgz",
      "integrity": "sha1-TwaV/fzBbDfAsH+s7Iy0xAkWhbk=",
      "dev": true,
      "requires": {
        "core-js": "1.2.7",
        "isomorphic-fetch": "2.2.1",
        "loose-envify": "1.3.1",
        "object-assign": "4.1.1",
        "promise": "7.3.1",
        "setimmediate": "1.0.5",
        "ua-parser-js": "0.7.14"
      },
      "dependencies": {
        "isomorphic-fetch": {
          "version": "2.2.1",
          "resolved": "http://r.cnpmjs.org/isomorphic-fetch/download/isomorphic-fetch-2.2.1.tgz",
          "integrity": "sha1-YRrhrPFPXoH3KVB0coGf6XM1WKk=",
          "dev": true,
          "requires": {
            "node-fetch": "1.7.2",
            "whatwg-fetch": "2.0.3"
          }
        }
      }
    },
    "find-up": {
      "version": "1.1.2",
      "resolved": "http://r.cnpmjs.org/find-up/download/find-up-1.1.2.tgz",
      "integrity": "sha1-ay6YIrGizgpgq2TWEOzK1TyyTQ8=",
      "dev": true,
      "requires": {
        "path-exists": "2.1.0",
        "pinkie-promise": "2.0.1"
      }
    },
    "foreach": {
      "version": "2.0.5",
      "resolved": "http://r.cnpmjs.org/foreach/download/foreach-2.0.5.tgz",
      "integrity": "sha1-C+4AUBiusmDQo6865ljdATbsG5k=",
      "dev": true
    },
    "function-bind": {
      "version": "1.1.1",
      "resolved": "http://r.cnpmjs.org/function-bind/download/function-bind-1.1.1.tgz",
      "integrity": "sha1-pWiZ0+o8m6uHS7l3O3xe3pL0iV0=",
      "dev": true
    },
    "graceful-fs": {
      "version": "4.1.11",
      "resolved": "http://r.cnpmjs.org/graceful-fs/download/graceful-fs-4.1.11.tgz",
      "integrity": "sha1-Dovf5NHduIVNZOBOp8AOKgJuVlg=",
      "dev": true
    },
    "has": {
      "version": "1.0.1",
      "resolved": "http://r.cnpmjs.org/has/download/has-1.0.1.tgz",
      "integrity": "sha1-hGFzP1OLCDfJNh45qauelwTcLyg=",
      "dev": true,
      "requires": {
        "function-bind": "1.1.1"
      }
    },
    "hosted-git-info": {
      "version": "2.5.0",
      "resolved": "http://r.cnpmjs.org/hosted-git-info/download/hosted-git-info-2.5.0.tgz",
      "integrity": "sha1-bWDjSzq7yDEwYsO3mO+NkBoHrzw=",
      "dev": true
    },
    "iconv-lite": {
      "version": "0.4.18",
      "resolved": "http://r.cnpmjs.org/iconv-lite/download/iconv-lite-0.4.18.tgz",
      "integrity": "sha1-I9hlaxaq5nQqwpcy6o8DNqR4nPI=",
      "dev": true
    },
    "is-arrayish": {
      "version": "0.2.1",
      "resolved": "http://r.cnpmjs.org/is-arrayish/download/is-arrayish-0.2.1.tgz",
      "integrity": "sha1-d8mYQFJ6qOyxqLppe4BkWnqSap0=",
      "dev": true
    },
    "is-builtin-module": {
      "version": "1.0.0",
      "resolved": "http://r.cnpmjs.org/is-builtin-module/download/is-builtin-module-1.0.0.tgz",
      "integrity": "sha1-VAVy0096wxGfj3bDDLwbHgN6/74=",
      "dev": true,
      "requires": {
        "builtin-modules": "1.1.1"
      }
    },
    "is-callable": {
      "version": "1.1.3",
      "resolved": "http://r.cnpmjs.org/is-callable/download/is-callable-1.1.3.tgz",
      "integrity": "sha1-hut1OSgF3cM69xySoO7fdO52BLI=",
      "dev": true
    },
    "is-date-object": {
      "version": "1.0.1",
      "resolved": "http://r.cnpmjs.org/is-date-object/download/is-date-object-1.0.1.tgz",
      "integrity": "sha1-mqIOtq7rv/d/vTPnTKAbM1gdOhY=",
      "dev": true
    },
    "is-regex": {
      "version": "1.0.4",
      "resolved": "http://r.cnpmjs.org/is-regex/download/is-regex-1.0.4.tgz",
      "integrity": "sha1-VRdIm1RwkbCTDglWVM7SXul+lJE=",
      "dev": true,
      "requires": {
        "has": "1.0.1"
      }
    },
    "is-stream": {
      "version": "1.1.0",
      "resolved": "http://r.cnpmjs.org/is-stream/download/is-stream-1.1.0.tgz",
      "integrity": "sha1-EtSj3U5o4Lec6428hBc66A2RykQ=",
      "dev": true
    },
    "is-symbol": {
      "version": "1.0.1",
      "resolved": "http://r.cnpmjs.org/is-symbol/download/is-symbol-1.0.1.tgz",
      "integrity": "sha1-PMWfAAJRlLarLjjbrmaJJWtmBXI=",
      "dev": true
    },
    "isarray": {
      "version": "1.0.0",
      "resolved": "http://r.cnpmjs.org/isarray/download/isarray-1.0.0.tgz",
      "integrity": "sha1-u5NdSFgsuhaMBoNJV6VKPgcSTxE=",
      "dev": true
    },
    "js-tokens": {
      "version": "3.0.2",
      "resolved": "http://r.cnpmjs.org/js-tokens/download/js-tokens-3.0.2.tgz",
      "integrity": "sha1-mGbfOVECEw449/mWvOtlRDIJwls=",
      "dev": true
    },
    "jsx-ast-utils": {
      "version": "1.4.1",
      "resolved": "http://r.cnpmjs.org/jsx-ast-utils/download/jsx-ast-utils-1.4.1.tgz",
      "integrity": "sha1-OGchPo3Xm/Ho8jAMDPwe+xgsDfE=",
      "dev": true
    },
    "load-json-file": {
      "version": "2.0.0",
      "resolved": "http://r.cnpmjs.org/load-json-file/download/load-json-file-2.0.0.tgz",
      "integrity": "sha1-eUfkIUmvgNaWy/eXvKq8/h/inKg=",
      "dev": true,
      "requires": {
        "graceful-fs": "4.1.11",
        "parse-json": "2.2.0",
        "pify": "2.3.0",
        "strip-bom": "3.0.0"
      }
    },
    "locate-path": {
      "version": "2.0.0",
      "resolved": "http://r.cnpmjs.org/locate-path/download/locate-path-2.0.0.tgz",
      "integrity": "sha1-K1aLJl7slExtnA3pw9u7ygNUzY4=",
      "dev": true,
      "requires": {
        "p-locate": "2.0.0",
        "path-exists": "3.0.0"
      },
      "dependencies": {
        "path-exists": {
          "version": "3.0.0",
          "resolved": "http://r.cnpmjs.org/path-exists/download/path-exists-3.0.0.tgz",
          "integrity": "sha1-zg6+ql94yxiSXqfYENe1mwEP1RU=",
          "dev": true
        }
      }
    },
    "lodash.cond": {
      "version": "4.5.2",
      "resolved": "http://r.cnpmjs.org/lodash.cond/download/lodash.cond-4.5.2.tgz",
      "integrity": "sha1-9HGh2khr5g9quVXRcRVSPdHSVdU=",
      "dev": true
    },
    "loose-envify": {
      "version": "1.3.1",
      "resolved": "http://r.cnpmjs.org/loose-envify/download/loose-envify-1.3.1.tgz",
      "integrity": "sha1-0aitM/qc4OcT1l/dCsi3SNR4yEg=",
      "dev": true,
      "requires": {
        "js-tokens": "3.0.2"
      }
    },
    "minimatch": {
      "version": "3.0.4",
      "resolved": "http://r.cnpmjs.org/minimatch/download/minimatch-3.0.4.tgz",
      "integrity": "sha1-UWbihkV/AzBgZL5Ul+jbsMPTIIM=",
      "dev": true,
      "requires": {
        "brace-expansion": "1.1.8"
      }
    },
    "ms": {
      "version": "2.0.0",
      "resolved": "http://r.cnpmjs.org/ms/download/ms-2.0.0.tgz",
      "integrity": "sha1-VgiurfwAvmwpAd9fmGF4jeDVl8g=",
      "dev": true
    },
    "node-fetch": {
      "version": "1.7.2",
      "resolved": "http://r.cnpmjs.org/node-fetch/download/node-fetch-1.7.2.tgz",
      "integrity": "sha1-xU6arFfkModSM1JfPIkcQVn/79c=",
      "dev": true,
      "requires": {
        "encoding": "0.1.12",
        "is-stream": "1.1.0"
      }
    },
    "normalize-package-data": {
      "version": "2.4.0",
      "resolved": "http://r.cnpmjs.org/normalize-package-data/download/normalize-package-data-2.4.0.tgz",
      "integrity": "sha1-EvlaMH1YNSB1oEkHuErIvpisAS8=",
      "dev": true,
      "requires": {
        "hosted-git-info": "2.5.0",
        "is-builtin-module": "1.0.0",
        "semver": "5.4.1",
        "validate-npm-package-license": "3.0.1"
      }
    },
    "object-assign": {
      "version": "4.1.1",
      "resolved": "http://r.cnpmjs.org/object-assign/download/object-assign-4.1.1.tgz",
      "integrity": "sha1-IQmtx5ZYh8/AXLvUQsrIv7s2CGM=",
      "dev": true
    },
    "object-keys": {
      "version": "1.0.11",
      "resolved": "http://r.cnpmjs.org/object-keys/download/object-keys-1.0.11.tgz",
      "integrity": "sha1-xUYBd4rVYPEULODgG8yotW0TQm0=",
      "dev": true
    },
    "p-limit": {
      "version": "1.1.0",
      "resolved": "http://r.cnpmjs.org/p-limit/download/p-limit-1.1.0.tgz",
      "integrity": "sha1-sH/y2aXYi+yAYDWJWiurZqJ5iLw=",
      "dev": true
    },
    "p-locate": {
      "version": "2.0.0",
      "resolved": "http://r.cnpmjs.org/p-locate/download/p-locate-2.0.0.tgz",
      "integrity": "sha1-IKAQOyIqcMj9OcwuWAaA893l7EM=",
      "dev": true,
      "requires": {
        "p-limit": "1.1.0"
      }
    },
    "parse-json": {
      "version": "2.2.0",
      "resolved": "http://r.cnpmjs.org/parse-json/download/parse-json-2.2.0.tgz",
      "integrity": "sha1-9ID0BDTvgHQfhGkJn43qGPVaTck=",
      "dev": true,
      "requires": {
        "error-ex": "1.3.1"
      }
    },
    "path-exists": {
      "version": "2.1.0",
      "resolved": "http://r.cnpmjs.org/path-exists/download/path-exists-2.1.0.tgz",
      "integrity": "sha1-D+tsZPD8UY2adU3V77YscCJ2H0s=",
      "dev": true,
      "requires": {
        "pinkie-promise": "2.0.1"
      }
    },
    "path-parse": {
      "version": "1.0.5",
      "resolved": "http://r.cnpmjs.org/path-parse/download/path-parse-1.0.5.tgz",
      "integrity": "sha1-PBrfhx6pzWyUMbbqK9dKD/BVxME=",
      "dev": true
    },
    "path-type": {
      "version": "2.0.0",
      "resolved": "http://r.cnpmjs.org/path-type/download/path-type-2.0.0.tgz",
      "integrity": "sha1-8BLMuEFbcJb8LaoQVMPXI4lZTHM=",
      "dev": true,
      "requires": {
        "pify": "2.3.0"
      }
    },
    "pify": {
      "version": "2.3.0",
      "resolved": "http://r.cnpmjs.org/pify/download/pify-2.3.0.tgz",
      "integrity": "sha1-7RQaasBDqEnqWISY59yosVMw6Qw=",
      "dev": true
    },
    "pinkie": {
      "version": "2.0.4",
      "resolved": "http://r.cnpmjs.org/pinkie/download/pinkie-2.0.4.tgz",
      "integrity": "sha1-clVrgM+g1IqXToDnckjoDtT3+HA=",
      "dev": true
    },
    "pinkie-promise": {
      "version": "2.0.1",
      "resolved": "http://r.cnpmjs.org/pinkie-promise/download/pinkie-promise-2.0.1.tgz",
      "integrity": "sha1-ITXW36ejWMBprJsXh3YogihFD/o=",
      "dev": true,
      "requires": {
        "pinkie": "2.0.4"
      }
    },
    "pkg-dir": {
      "version": "1.0.0",
      "resolved": "http://r.cnpmjs.org/pkg-dir/download/pkg-dir-1.0.0.tgz",
      "integrity": "sha1-ektQio1bstYp1EcFb/TpyTFM89Q=",
      "dev": true,
      "requires": {
        "find-up": "1.1.2"
      }
    },
    "promise": {
      "version": "7.3.1",
      "resolved": "http://r.cnpmjs.org/promise/download/promise-7.3.1.tgz",
      "integrity": "sha1-BktyYCsY+Q8pGSuLG8QY/9Hr078=",
      "dev": true,
      "requires": {
        "asap": "2.0.6"
      }
    },
    "prop-types": {
      "version": "15.5.10",
      "resolved": "http://r.cnpmjs.org/prop-types/download/prop-types-15.5.10.tgz",
      "integrity": "sha1-J5ffwxJhguOpXj37suiT3ddFYVQ=",
      "dev": true,
      "requires": {
        "fbjs": "0.8.15",
        "loose-envify": "1.3.1"
      }
    },
    "read-pkg": {
      "version": "2.0.0",
      "resolved": "http://r.cnpmjs.org/read-pkg/download/read-pkg-2.0.0.tgz",
      "integrity": "sha1-jvHAYjxqbbDcZxPEv6xGMysjaPg=",
      "dev": true,
      "requires": {
        "load-json-file": "2.0.0",
        "normalize-package-data": "2.4.0",
        "path-type": "2.0.0"
      }
    },
    "read-pkg-up": {
      "version": "2.0.0",
      "resolved": "http://r.cnpmjs.org/read-pkg-up/download/read-pkg-up-2.0.0.tgz",
      "integrity": "sha1-a3KoBImE4MQeeVEP1en6mbO1Sb4=",
      "dev": true,
      "requires": {
        "find-up": "2.1.0",
        "read-pkg": "2.0.0"
      },
      "dependencies": {
        "find-up": {
          "version": "2.1.0",
          "resolved": "http://r.cnpmjs.org/find-up/download/find-up-2.1.0.tgz",
          "integrity": "sha1-RdG35QbHF93UgndaK3eSCjwMV6c=",
          "dev": true,
          "requires": {
            "locate-path": "2.0.0"
          }
        }
      }
    },
    "resolve": {
      "version": "1.4.0",
      "resolved": "http://r.cnpmjs.org/resolve/download/resolve-1.4.0.tgz",
      "integrity": "sha1-p1vgHFPaJdk0qY69DkxKcxL5KoY=",
      "dev": true,
      "requires": {
        "path-parse": "1.0.5"
      }
    },
    "semver": {
      "version": "5.4.1",
      "resolved": "http://r.cnpmjs.org/semver/download/semver-5.4.1.tgz",
      "integrity": "sha1-4FnAnYVx8FQII3M0M1BdOi8AsY4=",
      "dev": true
    },
    "setimmediate": {
      "version": "1.0.5",
      "resolved": "http://r.cnpmjs.org/setimmediate/download/setimmediate-1.0.5.tgz",
      "integrity": "sha1-KQy7Iy4waULX1+qbg3Mqt4VvgoU=",
      "dev": true
    },
    "spdx-correct": {
      "version": "1.0.2",
      "resolved": "http://r.cnpmjs.org/spdx-correct/download/spdx-correct-1.0.2.tgz",
      "integrity": "sha1-SzBz2TP/UfORLwOsVRlJikFQ20A=",
      "dev": true,
      "requires": {
        "spdx-license-ids": "1.2.2"
      }
    },
    "spdx-expression-parse": {
      "version": "1.0.4",
      "resolved": "http://r.cnpmjs.org/spdx-expression-parse/download/spdx-expression-parse-1.0.4.tgz",
      "integrity": "sha1-m98vIOH0DtRH++JzJmGR/O1RYmw=",
      "dev": true
    },
    "spdx-license-ids": {
      "version": "1.2.2",
      "resolved": "http://r.cnpmjs.org/spdx-license-ids/download/spdx-license-ids-1.2.2.tgz",
      "integrity": "sha1-yd96NCRZSt5r0RkA1ZZpbcBrrFc=",
      "dev": true
    },
    "strip-bom": {
      "version": "3.0.0",
      "resolved": "http://r.cnpmjs.org/strip-bom/download/strip-bom-3.0.0.tgz",
      "integrity": "sha1-IzTBjpx1n3vdVv3vfprj1YjmjtM=",
      "dev": true
    },
    "ua-parser-js": {
      "version": "0.7.14",
      "resolved": "http://r.cnpmjs.org/ua-parser-js/download/ua-parser-js-0.7.14.tgz",
      "integrity": "sha1-EQ1T+kw/MmwSEpK76skE0uAzh8o=",
      "dev": true
    },
    "validate-npm-package-license": {
      "version": "3.0.1",
      "resolved": "http://r.cnpmjs.org/validate-npm-package-license/download/validate-npm-package-license-3.0.1.tgz",
      "integrity": "sha1-KAS6vnEq0zeUWaz74kdGqywwP7w=",
      "dev": true,
      "requires": {
        "spdx-correct": "1.0.2",
        "spdx-expression-parse": "1.0.4"
      }
    },
    "whatwg-fetch": {
      "version": "2.0.3",
      "resolved": "http://r.cnpmjs.org/whatwg-fetch/download/whatwg-fetch-2.0.3.tgz",
      "integrity": "sha1-nITsLc9oGH/wC8ZOEnS0QhduHIQ=",
      "dev": true
    }
  }
}
